{
  "originHash" : "9a57e58eff17907020fce7c17928b486fe9da28246f163d1faa045bbeae01ea5",
  "pins" : [
    {
      "identity" : "composablerequest",
      "kind" : "remoteSourceControl",
      "location" : "https://github.com/sbertix/ComposableRequest",
      "state" : {
        "revision" : "24a013c743855a543be8f4f4bdbec1f0d17bb2b7",
        "version" : "5.3.2"
      }
    },
    {
      "identity" : "keychainaccess",
      "kind" : "remoteSourceControl",
      "location" : "https://github.com/kishikawakatsumi/KeychainAccess",
      "state" : {
        "revision" : "84e546727d66f1adc5439debad16270d0fdd04e7",
        "version" : "4.2.2"
      }
    },
    {
      "identity" : "swcrypt",
      "kind" : "remoteSourceControl",
      "location" : "https://github.com/sbertix/SwCrypt.git",
      "state" : {
        "revision" : "e850285c2dadd4343be9465adc67cd717a64792f",
        "version" : "5.1.4"
      }
    },
    {
      "identity" : "swiftagram",
      "kind" : "remoteSourceControl",
      "location" : "https://github.com/sbertix/Swiftagram",
      "state" : {
        "revision" : "de8a5d840a81b3d0dd66f0dc45304c54f29d0fda",
        "version" : "5.4.0"
      }
    }
  ],
  "version" : 3
}
