{
  "originHash" : "1737810154bc9ae8a560399c464d28f0492948b9f713c89edfe5068c2e69970a",
  "pins" : [
    {
      "identity" : "composablerequest",
      "kind" : "remoteSourceControl",
      "location" : "https://github.com/sbertix/ComposableRequest",
      "state" : {
        "revision" : "24a013c743855a543be8f4f4bdbec1f0d17bb2b7",
        "version" : "5.3.2"
      }
    },
    {
      "identity" : "keychainaccess",
      "kind" : "remoteSourceControl",
      "location" : "https://github.com/kishikawakatsumi/KeychainAccess",
      "state" : {
        "revision" : "84e546727d66f1adc5439debad16270d0fdd04e7",
        "version" : "4.2.2"
      }
    },
    {
      "identity" : "setting",
      "kind" : "remoteSourceControl",
      "location" : "https://github.com/aheze/Setting",
      "state" : {
        "revision" : "f506b13b2024fc3e7585b6e4f8290f6f1525127c",
        "version" : "1.0.1"
      }
    },
    {
      "identity" : "swcrypt",
      "kind" : "remoteSourceControl",
      "location" : "https://github.com/sbertix/SwCrypt.git",
      "state" : {
        "revision" : "e850285c2dadd4343be9465adc67cd717a64792f",
        "version" : "5.1.4"
      }
    },
    {
      "identity" : "swiftagram",
      "kind" : "remoteSourceControl",
      "location" : "https://github.com/sbertix/Swiftagram",
      "state" : {
        "revision" : "de8a5d840a81b3d0dd66f0dc45304c54f29d0fda",
        "version" : "5.4.0"
      }
    },
    {
      "identity" : "swiftui-hiddenapi",
      "kind" : "remoteSourceControl",
      "location" : "https://github.com/Wouter01/SwiftUI-HiddenAPI",
      "state" : {
        "revision" : "8a022fefbe8cbe551aa7c4d405d2d9d5b6c2bfc7",
        "version" : "1.0.0"
      }
    }
  ],
  "version" : 3
}
